// !$*UTF8*$!
{
	archiveVersion = 1;
	classes = {
	};
	objectVersion = 52;
	objects = {

/* Begin PBXBuildFile section */
		1E46A19824FF90DC008D04C9 /* MovieDetailsController.swift in Sources */ = {isa = PBXBuildFile; fileRef = 1E46A19724FF90DC008D04C9 /* MovieDetailsController.swift */; };
		1E46A19B25001E2F008D04C9 /* loadingCell.swift in Sources */ = {isa = PBXBuildFile; fileRef = 1E46A19925001E2F008D04C9 /* loadingCell.swift */; };
		1E46A19C25001E2F008D04C9 /* loadingCell.xib in Resources */ = {isa = PBXBuildFile; fileRef = 1E46A19A25001E2F008D04C9 /* loadingCell.xib */; };
		1E5C3DC524FE551100369B2A /* AppDelegate.swift in Sources */ = {isa = PBXBuildFile; fileRef = 1E5C3DC424FE551100369B2A /* AppDelegate.swift */; };
		1E5C3DC724FE551100369B2A /* SceneDelegate.swift in Sources */ = {isa = PBXBuildFile; fileRef = 1E5C3DC624FE551100369B2A /* SceneDelegate.swift */; };
		1E5C3DCC24FE551100369B2A /* Main.storyboard in Resources */ = {isa = PBXBuildFile; fileRef = 1E5C3DCA24FE551100369B2A /* Main.storyboard */; };
		1E5C3DCE24FE551600369B2A /* Assets.xcassets in Resources */ = {isa = PBXBuildFile; fileRef = 1E5C3DCD24FE551600369B2A /* Assets.xcassets */; };
		1E5C3DD924FE67F900369B2A /* searchMovieController.swift in Sources */ = {isa = PBXBuildFile; fileRef = 1E5C3DD824FE67F900369B2A /* searchMovieController.swift */; };
		1E5C3DDD24FE7CE700369B2A /* SearchMovieCell.swift in Sources */ = {isa = PBXBuildFile; fileRef = 1E5C3DDB24FE7CE700369B2A /* SearchMovieCell.swift */; };
		1E5C3DDE24FE7CE700369B2A /* SearchMovieCell.xib in Resources */ = {isa = PBXBuildFile; fileRef = 1E5C3DDC24FE7CE700369B2A /* SearchMovieCell.xib */; };
		1E5C3DE124FE992500369B2A /* Kingfisher in Frameworks */ = {isa = PBXBuildFile; productRef = 1E5C3DE024FE992500369B2A /* Kingfisher */; };
		1EDE642925110D08006C55F2 /* movieInfo.swift in Sources */ = {isa = PBXBuildFile; fileRef = 1EDE642825110D08006C55F2 /* movieInfo.swift */; };
		1EDE642B25110DF6006C55F2 /* movieFeed.swift in Sources */ = {isa = PBXBuildFile; fileRef = 1EDE642A25110DF6006C55F2 /* movieFeed.swift */; };
/* End PBXBuildFile section */

/* Begin PBXFileReference section */
		1E46A19724FF90DC008D04C9 /* MovieDetailsController.swift */ = {isa = PBXFileReference; lastKnownFileType = sourcecode.swift; path = MovieDetailsController.swift; sourceTree = "<group>"; };
		1E46A19925001E2F008D04C9 /* loadingCell.swift */ = {isa = PBXFileReference; lastKnownFileType = sourcecode.swift; path = loadingCell.swift; sourceTree = "<group>"; };
		1E46A19A25001E2F008D04C9 /* loadingCell.xib */ = {isa = PBXFileReference; lastKnownFileType = file.xib; path = loadingCell.xib; sourceTree = "<group>"; };
		1E5C3DC124FE551100369B2A /* Movie search.app */ = {isa = PBXFileReference; explicitFileType = wrapper.application; includeInIndex = 0; path = "Movie search.app"; sourceTree = BUILT_PRODUCTS_DIR; };
		1E5C3DC424FE551100369B2A /* AppDelegate.swift */ = {isa = PBXFileReference; lastKnownFileType = sourcecode.swift; path = AppDelegate.swift; sourceTree = "<group>"; };
		1E5C3DC624FE551100369B2A /* SceneDelegate.swift */ = {isa = PBXFileReference; lastKnownFileType = sourcecode.swift; path = SceneDelegate.swift; sourceTree = "<group>"; };
		1E5C3DCB24FE551100369B2A /* Base */ = {isa = PBXFileReference; lastKnownFileType = file.storyboard; name = Base; path = Base.lproj/Main.storyboard; sourceTree = "<group>"; };
		1E5C3DCD24FE551600369B2A /* Assets.xcassets */ = {isa = PBXFileReference; lastKnownFileType = folder.assetcatalog; path = Assets.xcassets; sourceTree = "<group>"; };
		1E5C3DD224FE551600369B2A /* Info.plist */ = {isa = PBXFileReference; lastKnownFileType = text.plist.xml; path = Info.plist; sourceTree = "<group>"; };
		1E5C3DD824FE67F900369B2A /* searchMovieController.swift */ = {isa = PBXFileReference; lastKnownFileType = sourcecode.swift; path = searchMovieController.swift; sourceTree = "<group>"; };
		1E5C3DDB24FE7CE700369B2A /* SearchMovieCell.swift */ = {isa = PBXFileReference; lastKnownFileType = sourcecode.swift; path = SearchMovieCell.swift; sourceTree = "<group>"; };
		1E5C3DDC24FE7CE700369B2A /* SearchMovieCell.xib */ = {isa = PBXFileReference; lastKnownFileType = file.xib; path = SearchMovieCell.xib; sourceTree = "<group>"; };
		1EDE642825110D08006C55F2 /* movieInfo.swift */ = {isa = PBXFileReference; lastKnownFileType = sourcecode.swift; path = movieInfo.swift; sourceTree = "<group>"; };
		1EDE642A25110DF6006C55F2 /* movieFeed.swift */ = {isa = PBXFileReference; lastKnownFileType = sourcecode.swift; path = movieFeed.swift; sourceTree = "<group>"; };
/* End PBXFileReference section */

/* Begin PBXFrameworksBuildPhase section */
		1E5C3DBE24FE551100369B2A /* Frameworks */ = {
			isa = PBXFrameworksBuildPhase;
			buildActionMask = 2147483647;
			files = (
				1E5C3DE124FE992500369B2A /* Kingfisher in Frameworks */,
			);
			runOnlyForDeploymentPostprocessing = 0;
		};
/* End PBXFrameworksBuildPhase section */

/* Begin PBXGroup section */
		1E39CF79250134AE00874067 /* Scenes */ = {
			isa = PBXGroup;
			children = (
				1E5C3DD824FE67F900369B2A /* searchMovieController.swift */,
				1E46A19724FF90DC008D04C9 /* MovieDetailsController.swift */,
			);
			path = Scenes;
			sourceTree = "<group>";
		};
		1E5C3DB824FE551100369B2A = {
			isa = PBXGroup;
			children = (
				1E5C3DC324FE551100369B2A /* Movie search */,
				1E5C3DC224FE551100369B2A /* Products */,
			);
			sourceTree = "<group>";
		};
		1E5C3DC224FE551100369B2A /* Products */ = {
			isa = PBXGroup;
			children = (
				1E5C3DC124FE551100369B2A /* Movie search.app */,
			);
			name = Products;
			sourceTree = "<group>";
		};
		1E5C3DC324FE551100369B2A /* Movie search */ = {
			isa = PBXGroup;
			children = (
				1EDE642725110C88006C55F2 /* Models */,
				1E39CF79250134AE00874067 /* Scenes */,
				1E5C3DDA24FE7C9800369B2A /* Cells */,
				1E5C3DC424FE551100369B2A /* AppDelegate.swift */,
				1E5C3DC624FE551100369B2A /* SceneDelegate.swift */,
				1E5C3DCA24FE551100369B2A /* Main.storyboard */,
				1E5C3DCD24FE551600369B2A /* Assets.xcassets */,
				1E5C3DD224FE551600369B2A /* Info.plist */,
			);
			path = "Movie search";
			sourceTree = "<group>";
		};
		1E5C3DDA24FE7C9800369B2A /* Cells */ = {
			isa = PBXGroup;
			children = (
				1E5C3DDB24FE7CE700369B2A /* SearchMovieCell.swift */,
				1E5C3DDC24FE7CE700369B2A /* SearchMovieCell.xib */,
				1E46A19925001E2F008D04C9 /* loadingCell.swift */,
				1E46A19A25001E2F008D04C9 /* loadingCell.xib */,
			);
			path = Cells;
			sourceTree = "<group>";
		};
		1EDE642725110C88006C55F2 /* Models */ = {
			isa = PBXGroup;
			children = (
				1EDE642825110D08006C55F2 /* movieInfo.swift */,
				1EDE642A25110DF6006C55F2 /* movieFeed.swift */,
			);
			path = Models;
			sourceTree = "<group>";
		};
/* End PBXGroup section */

/* Begin PBXNativeTarget section */
		1E5C3DC024FE551100369B2A /* Movie search */ = {
			isa = PBXNativeTarget;
			buildConfigurationList = 1E5C3DD524FE551600369B2A /* Build configuration list for PBXNativeTarget "Movie search" */;
			buildPhases = (
				1E5C3DBD24FE551100369B2A /* Sources */,
				1E5C3DBE24FE551100369B2A /* Frameworks */,
				1E5C3DBF24FE551100369B2A /* Resources */,
			);
			buildRules = (
			);
			dependencies = (
			);
			name = "Movie search";
			packageProductDependencies = (
				1E5C3DE024FE992500369B2A /* Kingfisher */,
			);
			productName = "Movie search";
			productReference = 1E5C3DC124FE551100369B2A /* Movie search.app */;
			productType = "com.apple.product-type.application";
		};
/* End PBXNativeTarget section */

/* Begin PBXProject section */
		1E5C3DB924FE551100369B2A /* Project object */ = {
			isa = PBXProject;
			attributes = {
				LastSwiftUpdateCheck = 1160;
				LastUpgradeCheck = 1160;
				ORGANIZATIONNAME = kagialikos;
				TargetAttributes = {
					1E5C3DC024FE551100369B2A = {
						CreatedOnToolsVersion = 11.6;
					};
				};
			};
			buildConfigurationList = 1E5C3DBC24FE551100369B2A /* Build configuration list for PBXProject "Movie search" */;
			compatibilityVersion = "Xcode 9.3";
			developmentRegion = en;
			hasScannedForEncodings = 0;
			knownRegions = (
				en,
				Base,
			);
			mainGroup = 1E5C3DB824FE551100369B2A;
			packageReferences = (
				1E5C3DDF24FE992500369B2A /* XCRemoteSwiftPackageReference "Kingfisher" */,
			);
			productRefGroup = 1E5C3DC224FE551100369B2A /* Products */;
			projectDirPath = "";
			projectRoot = "";
			targets = (
				1E5C3DC024FE551100369B2A /* Movie search */,
			);
		};
/* End PBXProject section */

/* Begin PBXResourcesBuildPhase section */
		1E5C3DBF24FE551100369B2A /* Resources */ = {
			isa = PBXResourcesBuildPhase;
			buildActionMask = 2147483647;
			files = (
				1E5C3DCE24FE551600369B2A /* Assets.xcassets in Resources */,
				1E46A19C25001E2F008D04C9 /* loadingCell.xib in Resources */,
				1E5C3DDE24FE7CE700369B2A /* SearchMovieCell.xib in Resources */,
				1E5C3DCC24FE551100369B2A /* Main.storyboard in Resources */,
			);
			runOnlyForDeploymentPostprocessing = 0;
		};
/* End PBXResourcesBuildPhase section */

/* Begin PBXSourcesBuildPhase section */
		1E5C3DBD24FE551100369B2A /* Sources */ = {
			isa = PBXSourcesBuildPhase;
			buildActionMask = 2147483647;
			files = (
				1EDE642925110D08006C55F2 /* movieInfo.swift in Sources */,
				1E46A19824FF90DC008D04C9 /* MovieDetailsController.swift in Sources */,
				1E5C3DD924FE67F900369B2A /* searchMovieController.swift in Sources */,
				1E5C3DC524FE551100369B2A /* AppDelegate.swift in Sources */,
				1E5C3DDD24FE7CE700369B2A /* SearchMovieCell.swift in Sources */,
				1E46A19B25001E2F008D04C9 /* loadingCell.swift in Sources */,
				1EDE642B25110DF6006C55F2 /* movieFeed.swift in Sources */,
				1E5C3DC724FE551100369B2A /* SceneDelegate.swift in Sources */,
			);
			runOnlyForDeploymentPostprocessing = 0;
		};
/* End PBXSourcesBuildPhase section */

/* Begin PBXVariantGroup section */
		1E5C3DCA24FE551100369B2A /* Main.storyboard */ = {
			isa = PBXVariantGroup;
			children = (
				1E5C3DCB24FE551100369B2A /* Base */,
			);
			name = Main.storyboard;
			sourceTree = "<group>";
		};
/* End PBXVariantGroup section */

/* Begin XCBuildConfiguration section */
		1E5C3DD324FE551600369B2A /* Debug */ = {
			isa = XCBuildConfiguration;
			buildSettings = {
				ALWAYS_SEARCH_USER_PATHS = NO;
				CLANG_ANALYZER_NONNULL = YES;
				CLANG_ANALYZER_NUMBER_OBJECT_CONVERSION = YES_AGGRESSIVE;
				CLANG_CXX_LANGUAGE_STANDARD = "gnu++14";
				CLANG_CXX_LIBRARY = "libc++";
				CLANG_ENABLE_MODULES = YES;
				CLANG_ENABLE_OBJC_ARC = YES;
				CLANG_ENABLE_OBJC_WEAK = YES;
				CLANG_WARN_BLOCK_CAPTURE_AUTORELEASING = YES;
				CLANG_WARN_BOOL_CONVERSION = YES;
				CLANG_WARN_COMMA = YES;
				CLANG_WARN_CONSTANT_CONVERSION = YES;
				CLANG_WARN_DEPRECATED_OBJC_IMPLEMENTATIONS = YES;
				CLANG_WARN_DIRECT_OBJC_ISA_USAGE = YES_ERROR;
				CLANG_WARN_DOCUMENTATION_COMMENTS = YES;
				CLANG_WARN_EMPTY_BODY = YES;
				CLANG_WARN_ENUM_CONVERSION = YES;
				CLANG_WARN_INFINITE_RECURSION = YES;
				CLANG_WARN_INT_CONVERSION = YES;
				CLANG_WARN_NON_LITERAL_NULL_CONVERSION = YES;
				CLANG_WARN_OBJC_IMPLICIT_RETAIN_SELF = YES;
				CLANG_WARN_OBJC_LITERAL_CONVERSION = YES;
				CLANG_WARN_OBJC_ROOT_CLASS = YES_ERROR;
				CLANG_WARN_RANGE_LOOP_ANALYSIS = YES;
				CLANG_WARN_STRICT_PROTOTYPES = YES;
				CLANG_WARN_SUSPICIOUS_MOVE = YES;
				CLANG_WARN_UNGUARDED_AVAILABILITY = YES_AGGRESSIVE;
				CLANG_WARN_UNREACHABLE_CODE = YES;
				CLANG_WARN__DUPLICATE_METHOD_MATCH = YES;
				COPY_PHASE_STRIP = NO;
				DEBUG_INFORMATION_FORMAT = dwarf;
				ENABLE_STRICT_OBJC_MSGSEND = YES;
				ENABLE_TESTABILITY = YES;
				GCC_C_LANGUAGE_STANDARD = gnu11;
				GCC_DYNAMIC_NO_PIC = NO;
				GCC_NO_COMMON_BLOCKS = YES;
				GCC_OPTIMIZATION_LEVEL = 0;
				GCC_PREPROCESSOR_DEFINITIONS = (
					"DEBUG=1",
					"$(inherited)",
				);
				GCC_WARN_64_TO_32_BIT_CONVERSION = YES;
				GCC_WARN_ABOUT_RETURN_TYPE = YES_ERROR;
				GCC_WARN_UNDECLARED_SELECTOR = YES;
				GCC_WARN_UNINITIALIZED_AUTOS = YES_AGGRESSIVE;
				GCC_WARN_UNUSED_FUNCTION = YES;
				GCC_WARN_UNUSED_VARIABLE = YES;
				IPHONEOS_DEPLOYMENT_TARGET = 12.0;
				MTL_ENABLE_DEBUG_INFO = INCLUDE_SOURCE;
				MTL_FAST_MATH = YES;
				ONLY_ACTIVE_ARCH = YES;
				SDKROOT = iphoneos;
				SWIFT_ACTIVE_COMPILATION_CONDITIONS = DEBUG;
				SWIFT_OPTIMIZATION_LEVEL = "-Onone";
			};
			name = Debug;
		};
		1E5C3DD424FE551600369B2A /* Release */ = {
			isa = XCBuildConfiguration;
			buildSettings = {
				ALWAYS_SEARCH_USER_PATHS = NO;
				CLANG_ANALYZER_NONNULL = YES;
				CLANG_ANALYZER_NUMBER_OBJECT_CONVERSION = YES_AGGRESSIVE;
				CLANG_CXX_LANGUAGE_STANDARD = "gnu++14";
				CLANG_CXX_LIBRARY = "libc++";
				CLANG_ENABLE_MODULES = YES;
				CLANG_ENABLE_OBJC_ARC = YES;
				CLANG_ENABLE_OBJC_WEAK = YES;
				CLANG_WARN_BLOCK_CAPTURE_AUTORELEASING = YES;
				CLANG_WARN_BOOL_CONVERSION = YES;
				CLANG_WARN_COMMA = YES;
				CLANG_WARN_CONSTANT_CONVERSION = YES;
				CLANG_WARN_DEPRECATED_OBJC_IMPLEMENTATIONS = YES;
				CLANG_WARN_DIRECT_OBJC_ISA_USAGE = YES_ERROR;
				CLANG_WARN_DOCUMENTATION_COMMENTS = YES;
				CLANG_WARN_EMPTY_BODY = YES;
				CLANG_WARN_ENUM_CONVERSION = YES;
				CLANG_WARN_INFINITE_RECURSION = YES;
				CLANG_WARN_INT_CONVERSION = YES;
				CLANG_WARN_NON_LITERAL_NULL_CONVERSION = YES;
				CLANG_WARN_OBJC_IMPLICIT_RETAIN_SELF = YES;
				CLANG_WARN_OBJC_LITERAL_CONVERSION = YES;
				CLANG_WARN_OBJC_ROOT_CLASS = YES_ERROR;
				CLANG_WARN_RANGE_LOOP_ANALYSIS = YES;
				CLANG_WARN_STRICT_PROTOTYPES = YES;
				CLANG_WARN_SUSPICIOUS_MOVE = YES;
				CLANG_WARN_UNGUARDED_AVAILABILITY = YES_AGGRESSIVE;
				CLANG_WARN_UNREACHABLE_CODE = YES;
				CLANG_WARN__DUPLICATE_METHOD_MATCH = YES;
				COPY_PHASE_STRIP = NO;
				DEBUG_INFORMATION_FORMAT = "dwarf-with-dsym";
				ENABLE_NS_ASSERTIONS = NO;
				ENABLE_STRICT_OBJC_MSGSEND = YES;
				GCC_C_LANGUAGE_STANDARD = gnu11;
				GCC_NO_COMMON_BLOCKS = YES;
				GCC_WARN_64_TO_32_BIT_CONVERSION = YES;
				GCC_WARN_ABOUT_RETURN_TYPE = YES_ERROR;
				GCC_WARN_UNDECLARED_SELECTOR = YES;
				GCC_WARN_UNINITIALIZED_AUTOS = YES_AGGRESSIVE;
				GCC_WARN_UNUSED_FUNCTION = YES;
				GCC_WARN_UNUSED_VARIABLE = YES;
				IPHONEOS_DEPLOYMENT_TARGET = 12.0;
				MTL_ENABLE_DEBUG_INFO = NO;
				MTL_FAST_MATH = YES;
				SDKROOT = iphoneos;
				SWIFT_COMPILATION_MODE = wholemodule;
				SWIFT_OPTIMIZATION_LEVEL = "-O";
				VALIDATE_PRODUCT = YES;
			};
			name = Release;
		};
		1E5C3DD624FE551600369B2A /* Debug */ = {
			isa = XCBuildConfiguration;
			buildSettings = {
				ASSETCATALOG_COMPILER_APPICON_NAME = AppIcon;
				CODE_SIGN_IDENTITY = "Apple Development";
				CODE_SIGN_STYLE = Automatic;
				DEVELOPMENT_TEAM = 382VGMXUG2;
				INFOPLIST_FILE = "Movie search/Info.plist";
				LD_RUNPATH_SEARCH_PATHS = (
					"$(inherited)",
					"@executable_path/Frameworks",
				);
				PRODUCT_BUNDLE_IDENTIFIER = "com.kagialikos.Movie-search";
				PRODUCT_NAME = "$(TARGET_NAME)";
				PROVISIONING_PROFILE_SPECIFIER = "";
				SWIFT_VERSION = 5.0;
				TARGETED_DEVICE_FAMILY = "1,2";
			};
			name = Debug;
		};
		1E5C3DD724FE551600369B2A /* Release */ = {
			isa = XCBuildConfiguration;
			buildSettings = {
				ASSETCATALOG_COMPILER_APPICON_NAME = AppIcon;
				CODE_SIGN_IDENTITY = "Apple Development";
				CODE_SIGN_STYLE = Automatic;
				DEVELOPMENT_TEAM = 382VGMXUG2;
				INFOPLIST_FILE = "Movie search/Info.plist";
				LD_RUNPATH_SEARCH_PATHS = (
					"$(inherited)",
					"@executable_path/Frameworks",
				);
				PRODUCT_BUNDLE_IDENTIFIER = "com.kagialikos.Movie-search";
				PRODUCT_NAME = "$(TARGET_NAME)";
				PROVISIONING_PROFILE_SPECIFIER = "";
				SWIFT_VERSION = 5.0;
				TARGETED_DEVICE_FAMILY = "1,2";
			};
			name = Release;
		};
/* End XCBuildConfiguration section */

/* Begin XCConfigurationList section */
		1E5C3DBC24FE551100369B2A /* Build configuration list for PBXProject "Movie search" */ = {
			isa = XCConfigurationList;
			buildConfigurations = (
				1E5C3DD324FE551600369B2A /* Debug */,
				1E5C3DD424FE551600369B2A /* Release */,
			);
			defaultConfigurationIsVisible = 0;
			defaultConfigurationName = Release;
		};
		1E5C3DD524FE551600369B2A /* Build configuration list for PBXNativeTarget "Movie search" */ = {
			isa = XCConfigurationList;
			buildConfigurations = (
				1E5C3DD624FE551600369B2A /* Debug */,
				1E5C3DD724FE551600369B2A /* Release */,
			);
			defaultConfigurationIsVisible = 0;
			defaultConfigurationName = Release;
		};
/* End XCConfigurationList section */

/* Begin XCRemoteSwiftPackageReference section */
		1E5C3DDF24FE992500369B2A /* XCRemoteSwiftPackageReference "Kingfisher" */ = {
			isa = XCRemoteSwiftPackageReference;
			repositoryURL = "https://github.com/onevcat/Kingfisher";
			requirement = {
				branch = master;
				kind = branch;
			};
		};
/* End XCRemoteSwiftPackageReference section */

/* Begin XCSwiftPackageProductDependency section */
		1E5C3DE024FE992500369B2A /* Kingfisher */ = {
			isa = XCSwiftPackageProductDependency;
			package = 1E5C3DDF24FE992500369B2A /* XCRemoteSwiftPackageReference "Kingfisher" */;
			productName = Kingfisher;
		};
/* End XCSwiftPackageProductDependency section */
	};
	rootObject = 1E5C3DB924FE551100369B2A /* Project object */;
}
